{
    "_readme": [
        "This file locks the dependencies of your project to a known state",
        "Read more about it at http://getcomposer.org/doc/01-basic-usage.md#composer-lock-the-lock-file",
        "This file is @generated automatically"
    ],
    "hash": "a7c5c8a70f12b6c545e63ee9bdad3207",
    "packages": [
        {
            "name": "ci-bonfire/assets",
            "version": "dev-develop",
            "source": {
                "type": "git",
                "url": "https://github.com/ci-bonfire/assets.git",
                "reference": "232a49216cfd9a27db0de0f66258f5a6ae8e449b"
            },
            "dist": {
                "type": "zip",
                "url": "https://api.github.com/repos/ci-bonfire/assets/zipball/232a49216cfd9a27db0de0f66258f5a6ae8e449b",
                "reference": "232a49216cfd9a27db0de0f66258f5a6ae8e449b",
                "shasum": ""
            },
            "require": {
                "league/flysystem": "0.5.*@dev",
                "php": ">=5.4.0"
            },
            "require-dev": {
                "cssmin/cssmin": "*",
                "mrclay/minify": "*"
            },
            "type": "library",
            "autoload": {
                "psr-4": {
                    "Bonfire\\Assets\\": "src/"
                }
            },
            "notification-url": "https://packagist.org/downloads/",
            "license": [
                "MIT"
            ],
            "authors": [
                {
                    "name": "Lonnie Ezell",
                    "email": "lonnieje@gmail.com",
                    "homepage": "http://lonnieezell.com"
                }
            ],
            "description": "A platform-agnostic, lightweight Asset Pipeline for PHP 5.4+",
            "homepage": "https://github.com/ci-bonfire/Assets",
            "keywords": [
                "assets",
                "bonfire",
                "minification"
            ],
            "time": "2014-06-24 03:21:57"
        },
        {
            "name": "compwright/codeigniter-installers",
            "version": "dev-master",
            "source": {
                "type": "git",
                "url": "https://github.com/compwright/codeigniter-installers.git",
                "reference": "adbbd5ae2cbf5a24a39931235b1ac7dab56abb4f"
            },
            "dist": {
                "type": "zip",
                "url": "https://api.github.com/repos/compwright/codeigniter-installers/zipball/adbbd5ae2cbf5a24a39931235b1ac7dab56abb4f",
                "reference": "adbbd5ae2cbf5a24a39931235b1ac7dab56abb4f",
                "shasum": ""
            },
            "require-dev": {
                "composer/composer": "1.0.*@dev"
            },
            "type": "composer-installer",
            "extra": {
                "class": "Composer\\Installer\\CodeigniterInstaller"
            },
            "autoload": {
                "psr-0": {
                    "Composer\\Installer": "src/"
                }
            },
            "notification-url": "https://packagist.org/downloads/",
            "license": [
                "MIT"
            ],
            "authors": [
                {
                    "name": "Jonathon Hill",
                    "email": "jhill9693@gmail.com",
                    "homepage": "http://jonathonhill.net",
                    "role": "Developer"
                }
            ],
            "description": "Composer installers for CodeIgniter",
            "homepage": "https://github.com/compwright/codeigniter-installers",
            "keywords": [
                "MX",
                "codeigniter",
                "composer",
                "core",
                "hmvc",
                "installer",
                "library",
                "module",
                "spark",
                "sparks"
            ],
            "time": "2012-11-12 16:11:38"
        },
        {
            "name": "cssmin/cssmin",
            "version": "3.0.1",
            "dist": {
                "type": "file",
                "url": "http://cssmin.googlecode.com/files/cssmin-v3.0.1.php",
                "reference": null,
                "shasum": null
            },
            "type": "library",
            "autoload": {
                "classmap": [
                    "cssmin-v3.0.1.php"
                ]
            }
        },
        {
            "name": "league/flysystem",
            "version": "dev-master",
            "source": {
                "type": "git",
                "url": "https://github.com/thephpleague/flysystem.git",
                "reference": "6b0ac9e28b2942121c9e88a82121850b810c67c2"
            },
            "dist": {
                "type": "zip",
                "url": "https://api.github.com/repos/thephpleague/flysystem/zipball/6b0ac9e28b2942121c9e88a82121850b810c67c2",
                "reference": "6b0ac9e28b2942121c9e88a82121850b810c67c2",
                "shasum": ""
            },
            "require": {
                "php": ">=5.4.0"
            },
            "require-dev": {
                "aws/aws-sdk-php": "~2.5",
                "dropbox/dropbox-sdk": "~1.1.1",
                "league/phpunit-coverage-listener": "~1.1",
                "mockery/mockery": "~0.9",
                "phpseclib/phpseclib": "~0.3.5",
                "phpunit/phpunit": "~4.0",
                "predis/predis": "~0.8.4",
                "rackspace/php-opencloud": "~1.9.1",
                "sabre/dav": "~1.8.7"
            },
            "suggest": {
                "aws/aws-sdk-php": "Allows you to use AWS S3 storage",
                "dropbox/dropbox-sdk": "Allows you to use Dropbox storage",
                "phpseclib/phpseclib": "Allows SFTP server storage",
                "predis/predis": "Allows you to use Predis for caching",
                "rackspace/php-opencloud": "Allows you to use Rackspace Cloud Files",
                "sabre/dav": "Enables WebDav support"
            },
            "type": "library",
            "extra": {
                "branch-alias": {
                    "dev-master": "0.5-dev"
                }
            },
            "autoload": {
                "psr-4": {
                    "League\\Flysystem\\": "src/"
                }
            },
            "notification-url": "https://packagist.org/downloads/",
            "license": [
                "MIT"
            ],
            "authors": [
                {
                    "name": "Frank de Jonge",
                    "email": "info@frenky.net"
                }
            ],
            "description": "Filesystem abstraction, but easy.",
            "keywords": [
                "WebDAV",
                "aws",
                "dropbox",
                "filesystem",
                "ftp",
                "remote",
                "s3",
                "sftp"
            ],
            "time": "2014-06-23 13:56:25"
        },
        {
            "name": "league/plates",
            "version": "dev-master",
            "source": {
                "type": "git",
                "url": "https://github.com/thephpleague/plates.git",
                "reference": "87332326ec0bd61fd4ca2cd4cb6f043a194d49f8"
            },
            "dist": {
                "type": "zip",
                "url": "https://api.github.com/repos/thephpleague/plates/zipball/87332326ec0bd61fd4ca2cd4cb6f043a194d49f8",
                "reference": "87332326ec0bd61fd4ca2cd4cb6f043a194d49f8",
                "shasum": ""
            },
            "require-dev": {
                "mikey179/vfsstream": "~1.2.0",
                "mockery/mockery": "~0.9",
                "phpunit/phpunit": "~4.0",
                "squizlabs/php_codesniffer": "~1.5"
            },
            "type": "library",
            "extra": {
                "branch-alias": {
                    "dev-master": "2.1-dev"
                }
            },
            "autoload": {
                "psr-4": {
                    "League\\Plates\\": "src"
                }
            },
            "notification-url": "https://packagist.org/downloads/",
            "license": [
                "MIT"
            ],
            "authors": [
                {
                    "name": "Jonathan Reinink",
                    "email": "jonathan@reinink.ca",
                    "role": "Developer"
                }
            ],
            "description": "Plates, the native PHP template system that’s fast, easy to use and easy to extend.",
            "homepage": "http://platesphp.com",
            "keywords": [
                "league",
                "package",
                "templating"
            ],
            "time": "2014-06-23 20:42:30"
        },
        {
            "name": "lonnieezell/codeigniter-forensics",
            "version": "dev-master",
            "source": {
                "type": "git",
                "url": "https://github.com/lonnieezell/codeigniter-forensics.git",
                "reference": "8f47ed9a86906373dd7008779f4f1481182434f2"
            },
            "dist": {
                "type": "zip",
                "url": "https://api.github.com/repos/lonnieezell/codeigniter-forensics/zipball/8f47ed9a86906373dd7008779f4f1481182434f2",
                "reference": "8f47ed9a86906373dd7008779f4f1481182434f2",
                "shasum": ""
            },
            "require": {
                "compwright/codeigniter-installers": "*"
            },
            "type": "codeigniter-third-party",
            "license": [
                "MIT"
            ],
            "authors": [
                {
                    "name": "Lonnie Ezell",
                    "email": "lonnieezell@gmail.com",
                    "role": "Developer"
                }
            ],
            "description": "A high-powered, customizable Profiler replacement for CodeIgniter.",
            "homepage": "http://lonnieezell.github.io/codeigniter-forensics/",
            "keywords": [
                "codeigniter",
                "debug",
                "profiler",
                "spark"
            ],
            "support": {
                "issues": "http://lonnieezell.github.io/codeigniter-forensics/issues",
                "source": "http://lonnieezell.github.io/codeigniter-forensics/"
            },
            "time": "2014-06-13 13:43:54"
        },
        {
            "name": "mrclay/minify",
            "version": "dev-master",
            "source": {
                "type": "git",
                "url": "https://github.com/mrclay/minify.git",
                "reference": "fb3931f8cd54a637b2a42170c3a9a1c4da9e69a9"
            },
            "dist": {
                "type": "zip",
                "url": "https://api.github.com/repos/mrclay/minify/zipball/fb3931f8cd54a637b2a42170c3a9a1c4da9e69a9",
                "reference": "fb3931f8cd54a637b2a42170c3a9a1c4da9e69a9",
                "shasum": ""
            },
            "require": {
                "ext-pcre": "*",
                "php": ">=5.2.1"
            },
            "type": "library",
            "autoload": {
                "classmap": [
                    "min/lib/"
                ]
            },
            "notification-url": "https://packagist.org/downloads/",
            "license": [
                "BSD-3-Clause"
            ],
            "authors": [
                {
                    "name": "Stephen Clay",
                    "email": "steve@mrclay.org",
                    "homepage": "http://www.mrclay.org/",
                    "role": "Developer"
                }
            ],
            "description": "Minify is a PHP5 app that helps you follow several rules for client-side performance. It combines multiple CSS or Javascript files, removes unnecessary whitespace and comments, and serves them with gzip encoding and optimal client-side cache headers",
            "homepage": "http://code.google.com/p/minify/",
            "time": "2014-04-03 23:53:48"
        },
        {
            "name": "symfony/console",
            "version": "dev-master",
            "target-dir": "Symfony/Component/Console",
            "source": {
                "type": "git",
                "url": "https://github.com/symfony/Console.git",
                "reference": "a61d4fb086e33c3b45c80b638fb915c62eac58a3"
            },
            "dist": {
                "type": "zip",
                "url": "https://api.github.com/repos/symfony/Console/zipball/a61d4fb086e33c3b45c80b638fb915c62eac58a3",
                "reference": "a61d4fb086e33c3b45c80b638fb915c62eac58a3",
                "shasum": ""
            },
            "require": {
                "php": ">=5.3.3"
            },
            "require-dev": {
                "psr/log": "~1.0",
                "symfony/event-dispatcher": "~2.1",
                "symfony/process": "~2.1"
            },
            "suggest": {
                "psr/log": "For using the console logger",
                "symfony/event-dispatcher": "",
                "symfony/process": ""
            },
            "type": "library",
            "extra": {
                "branch-alias": {
                    "dev-master": "2.6-dev"
                }
            },
            "autoload": {
                "psr-0": {
                    "Symfony\\Component\\Console\\": ""
                }
            },
            "notification-url": "https://packagist.org/downloads/",
            "license": [
                "MIT"
            ],
            "authors": [
                {
                    "name": "Symfony Community",
                    "homepage": "http://symfony.com/contributors"
                },
                {
                    "name": "Fabien Potencier",
                    "email": "fabien@symfony.com"
                }
            ],
            "description": "Symfony Console Component",
            "homepage": "http://symfony.com",
            "time": "2014-07-20 19:24:23"
        }
    ],
    "packages-dev": [

    ],
    "aliases": [

    ],
    "minimum-stability": "dev",
    "stability-flags": {
        "lonnieezell/codeigniter-forensics": 20,
        "symfony/console": 20,
        "ci-bonfire/assets": 20
    },
    "platform": {
        "php": ">=5.3.14"
    },
    "platform-dev": [

    ]
}
